<?xml version="1.0" encoding="utf-8"?>
<Project ToolsVersion="4.0" xmlns="http://schemas.microsoft.com/developer/msbuild/2003">
  <ItemGroup>
    <Filter Include="basic">
      <UniqueIdentifier>{26cc9814-de28-46fb-b06a-e03387c54435}</UniqueIdentifier>
    </Filter>
    <Filter Include="test">
      <UniqueIdentifier>{89d174f0-b736-446f-a043-a66ec0147a5d}</UniqueIdentifier>
    </Filter>
  </ItemGroup>
  <ItemGroup>
    <ClCompile Include="test\main.cpp">
      <Filter>test</Filter>
    </ClCompile>
  </ItemGroup>
  <ItemGroup>
    <ClInclude Include="test\test.h">
      <Filter>test</Filter>
    </ClInclude>
    <ClInclude Include="test\global.h">
      <Filter>test</Filter>
    </ClInclude>
    <ClInclude Include="basic\max.h">
      <Filter>basic</Filter>
    </ClInclude>
  </ItemGroup>
</Project>