
Microsoft Visual Studio Solution File, Format Version 12.00
# Visual Studio 15
VisualStudioVersion = 15.0.27130.2027
MinimumVisualStudioVersion = 10.0.40219.1
Project("{8BC9CEB8-8B4A-11D0-8D11-00A0C91BC942}") = "Cpp17ContainersTestCase", "Cpp17ContainersTestCase\Cpp17ContainersTestCase.vcxproj", "{468773FE-1A27-44BA-912C-7DFE26879CB6}"
EndProject
Global
	GlobalSection(SolutionConfigurationPlatforms) = preSolution
		Debug|x64 = Debug|x64
		Debug|x86 = Debug|x86
		Release|x64 = Release|x64
		Release|x86 = Release|x86
	EndGlobalSection
	GlobalSection(ProjectConfigurationPlatforms) = postSolution
		{468773FE-1A27-44BA-912C-7DFE26879CB6}.Debug|x64.ActiveCfg = Debug|x64
		{468773FE-1A27-44BA-912C-7DFE26879CB6}.Debug|x64.Build.0 = Debug|x64
		{468773FE-1A27-44BA-912C-7DFE26879CB6}.Debug|x86.ActiveCfg = Debug|Win32
		{468773FE-1A27-44BA-912C-7DFE26879CB6}.Debug|x86.Build.0 = Debug|Win32
		{468773FE-1A27-44BA-912C-7DFE26879CB6}.Release|x64.ActiveCfg = Release|x64
		{468773FE-1A27-44BA-912C-7DFE26879CB6}.Release|x64.Build.0 = Release|x64
		{468773FE-1A27-44BA-912C-7DFE26879CB6}.Release|x86.ActiveCfg = Release|Win32
		{468773FE-1A27-44BA-912C-7DFE26879CB6}.Release|x86.Build.0 = Release|Win32
	EndGlobalSection
	GlobalSection(SolutionProperties) = preSolution
		HideSolutionNode = FALSE
	EndGlobalSection
	GlobalSection(ExtensibilityGlobals) = postSolution
		SolutionGuid = {1119D2B8-3342-496B-ABFC-E40D2991CA38}
	EndGlobalSection
EndGlobal
